
Microsoft Visual Studio Solution File, Format Version 12.00
# Visual Studio Version 17
VisualStudioVersion = 17.1.32407.343
MinimumVisualStudioVersion = 10.0.40219.1
Project("{FAE04EC0-301F-11D3-BF4B-00C04F79EFBC}") = "appClase", "appClase.csproj", "{BDD13245-5A81-4357-82C6-B4A459040794}"
EndProject
Global
	GlobalSection(SolutionConfigurationPlatforms) = preSolution
		Debug|Any CPU = Debug|Any CPU
		Release|Any CPU = Release|Any CPU
	EndGlobalSection
	GlobalSection(ProjectConfigurationPlatforms) = postSolution
		{BDD13245-5A81-4357-82C6-B4A459040794}.Debug|Any CPU.ActiveCfg = Debug|Any CPU
		{BDD13245-5A81-4357-82C6-B4A459040794}.Debug|Any CPU.Build.0 = Debug|Any CPU
		{BDD13245-5A81-4357-82C6-B4A459040794}.Release|Any CPU.ActiveCfg = Release|Any CPU
		{BDD13245-5A81-4357-82C6-B4A459040794}.Release|Any CPU.Build.0 = Release|Any CPU
	EndGlobalSection
	GlobalSection(SolutionProperties) = preSolution
		HideSolutionNode = FALSE
	EndGlobalSection
	GlobalSection(ExtensibilityGlobals) = postSolution
		SolutionGuid = {B9D53CB6-C02D-4CF1-AA5A-638325ED113D}
	EndGlobalSection
EndGlobal
